
Microsoft Visual Studio Solution File, Format Version 12.00
# Visual Studio Version 17
VisualStudioVersion = 17.4.33205.214
MinimumVisualStudioVersion = 10.0.40219.1
Project("{9A19103F-16F7-4668-BE54-9A1E7A4F7556}") = "DBWorkLibraries", "DBWorkLibraries\DBWorkLibraries.csproj", "{B2ABF056-827A-4FEC-97DE-B935A50289E5}"
EndProject
Project("{9A19103F-16F7-4668-BE54-9A1E7A4F7556}") = "DBWorkTest", "DBWorkTest\DBWorkTest.csproj", "{33B3236A-6B4D-4526-BC86-C8D5B40A6770}"
EndProject
Project("{FAE04EC0-301F-11D3-BF4B-00C04F79EFBC}") = "DBTest", "DBTest\DBTest.csproj", "{D181ACD3-3E6E-4119-AA80-6D68AF049853}"
EndProject
Global
	GlobalSection(SolutionConfigurationPlatforms) = preSolution
		Debug|Any CPU = Debug|Any CPU
		Release|Any CPU = Release|Any CPU
	EndGlobalSection
	GlobalSection(ProjectConfigurationPlatforms) = postSolution
		{B2ABF056-827A-4FEC-97DE-B935A50289E5}.Debug|Any CPU.ActiveCfg = Debug|Any CPU
		{B2ABF056-827A-4FEC-97DE-B935A50289E5}.Debug|Any CPU.Build.0 = Debug|Any CPU
		{B2ABF056-827A-4FEC-97DE-B935A50289E5}.Release|Any CPU.ActiveCfg = Release|Any CPU
		{B2ABF056-827A-4FEC-97DE-B935A50289E5}.Release|Any CPU.Build.0 = Release|Any CPU
		{33B3236A-6B4D-4526-BC86-C8D5B40A6770}.Debug|Any CPU.ActiveCfg = Debug|Any CPU
		{33B3236A-6B4D-4526-BC86-C8D5B40A6770}.Debug|Any CPU.Build.0 = Debug|Any CPU
		{33B3236A-6B4D-4526-BC86-C8D5B40A6770}.Release|Any CPU.ActiveCfg = Release|Any CPU
		{33B3236A-6B4D-4526-BC86-C8D5B40A6770}.Release|Any CPU.Build.0 = Release|Any CPU
		{D181ACD3-3E6E-4119-AA80-6D68AF049853}.Debug|Any CPU.ActiveCfg = Debug|Any CPU
		{D181ACD3-3E6E-4119-AA80-6D68AF049853}.Debug|Any CPU.Build.0 = Debug|Any CPU
		{D181ACD3-3E6E-4119-AA80-6D68AF049853}.Release|Any CPU.ActiveCfg = Release|Any CPU
		{D181ACD3-3E6E-4119-AA80-6D68AF049853}.Release|Any CPU.Build.0 = Release|Any CPU
	EndGlobalSection
	GlobalSection(SolutionProperties) = preSolution
		HideSolutionNode = FALSE
	EndGlobalSection
	GlobalSection(ExtensibilityGlobals) = postSolution
		SolutionGuid = {308EAC9C-C8EC-49EA-829D-6222DA999C86}
	EndGlobalSection
EndGlobal
